
Microsoft Visual Studio Solution File, Format Version 12.00
# Visual Studio Version 17
VisualStudioVersion = 17.14.36429.23 d17.14
MinimumVisualStudioVersion = 10.0.40219.1
Project("{FAE04EC0-301F-11D3-BF4B-00C04F79EFBC}") = "Deaxo.MakeParallel", "Deaxo.MakeParallel\Deaxo.MakeParallel.csproj", "{559C857A-71E8-451C-9592-72D58A972D96}"
EndProject
Global
	GlobalSection(SolutionConfigurationPlatforms) = preSolution
		Debug|Any CPU = Debug|Any CPU
		Release|Any CPU = Release|Any CPU
	EndGlobalSection
	GlobalSection(ProjectConfigurationPlatforms) = postSolution
		{559C857A-71E8-451C-9592-72D58A972D96}.Debug|Any CPU.ActiveCfg = Debug|Any CPU
		{559C857A-71E8-451C-9592-72D58A972D96}.Debug|Any CPU.Build.0 = Debug|Any CPU
		{559C857A-71E8-451C-9592-72D58A972D96}.Release|Any CPU.ActiveCfg = Release|Any CPU
		{559C857A-71E8-451C-9592-72D58A972D96}.Release|Any CPU.Build.0 = Release|Any CPU
	EndGlobalSection
	GlobalSection(SolutionProperties) = preSolution
		HideSolutionNode = FALSE
	EndGlobalSection
	GlobalSection(ExtensibilityGlobals) = postSolution
		SolutionGuid = {54FF9B10-BB97-47FF-898A-6BBEB22C7774}
	EndGlobalSection
EndGlobal
